
Microsoft Visual Studio Solution File, Format Version 12.00
# Visual Studio Version 16
VisualStudioVersion = 16.0.30406.217
MinimumVisualStudioVersion = 10.0.40219.1
Project("{FAE04EC0-301F-11D3-BF4B-00C04F79EFBC}") = "EvalDanielLewensztain", "EvalDanielLewensztain\EvalDanielLewensztain.csproj", "{783E33BB-4EE6-42CD-B58D-32B970C1F6EE}"
EndProject
Project("{FAE04EC0-301F-11D3-BF4B-00C04F79EFBC}") = "UnitTestProject1", "UnitTestProject1\UnitTestProject1.csproj", "{C2DF25A3-5C0E-4B94-934D-437523A71E9F}"
EndProject
Global
	GlobalSection(SolutionConfigurationPlatforms) = preSolution
		Debug|Any CPU = Debug|Any CPU
		Release|Any CPU = Release|Any CPU
	EndGlobalSection
	GlobalSection(ProjectConfigurationPlatforms) = postSolution
		{783E33BB-4EE6-42CD-B58D-32B970C1F6EE}.Debug|Any CPU.ActiveCfg = Debug|Any CPU
		{783E33BB-4EE6-42CD-B58D-32B970C1F6EE}.Debug|Any CPU.Build.0 = Debug|Any CPU
		{783E33BB-4EE6-42CD-B58D-32B970C1F6EE}.Release|Any CPU.ActiveCfg = Release|Any CPU
		{783E33BB-4EE6-42CD-B58D-32B970C1F6EE}.Release|Any CPU.Build.0 = Release|Any CPU
		{C2DF25A3-5C0E-4B94-934D-437523A71E9F}.Debug|Any CPU.ActiveCfg = Debug|Any CPU
		{C2DF25A3-5C0E-4B94-934D-437523A71E9F}.Debug|Any CPU.Build.0 = Debug|Any CPU
		{C2DF25A3-5C0E-4B94-934D-437523A71E9F}.Release|Any CPU.ActiveCfg = Release|Any CPU
		{C2DF25A3-5C0E-4B94-934D-437523A71E9F}.Release|Any CPU.Build.0 = Release|Any CPU
	EndGlobalSection
	GlobalSection(SolutionProperties) = preSolution
		HideSolutionNode = FALSE
	EndGlobalSection
	GlobalSection(ExtensibilityGlobals) = postSolution
		SolutionGuid = {25CD8DA6-A10F-4FD7-AA5F-38C207FBA654}
	EndGlobalSection
EndGlobal
